
Microsoft Visual Studio Solution File, Format Version 12.00
# Visual Studio Version 16
VisualStudioVersion = 16.0.34407.143
MinimumVisualStudioVersion = 10.0.40219.1
Project("{FAE04EC0-301F-11D3-BF4B-00C04F79EFBC}") = "Laboraatornya9", "Laboraatornya9.csproj", "{77914CF9-E3F1-40F2-847D-45E2F89BF806}"
EndProject
Global
	GlobalSection(SolutionConfigurationPlatforms) = preSolution
		Debug|Any CPU = Debug|Any CPU
		Release|Any CPU = Release|Any CPU
	EndGlobalSection
	GlobalSection(ProjectConfigurationPlatforms) = postSolution
		{77914CF9-E3F1-40F2-847D-45E2F89BF806}.Debug|Any CPU.ActiveCfg = Debug|Any CPU
		{77914CF9-E3F1-40F2-847D-45E2F89BF806}.Debug|Any CPU.Build.0 = Debug|Any CPU
		{77914CF9-E3F1-40F2-847D-45E2F89BF806}.Release|Any CPU.ActiveCfg = Release|Any CPU
		{77914CF9-E3F1-40F2-847D-45E2F89BF806}.Release|Any CPU.Build.0 = Release|Any CPU
	EndGlobalSection
	GlobalSection(SolutionProperties) = preSolution
		HideSolutionNode = FALSE
	EndGlobalSection
	GlobalSection(ExtensibilityGlobals) = postSolution
		SolutionGuid = {254FD365-07A8-48B7-9301-704DCB66CBDB}
	EndGlobalSection
EndGlobal
